{
  "lockfile-version": 1,
  "manifest": {
    "version": 1,
    "install": {
      "_1password": {
        "pkg-path": "_1password",
        "version": "1password-cli-2.30.3"
      },
      "bun": {
        "pkg-path": "bun",
        "version": "1.1.42"
      }
    },
    "hook": {
      "on-activate": "  echo \"📦 Installing dependencies...\"\n  bun install --frozen-lockfile\n"
    },
    "profile": {},
    "options": {
      "systems": [
        "aarch64-darwin",
        "aarch64-linux",
        "x86_64-darwin",
        "x86_64-linux"
      ],
      "allow": {
        "licenses": []
      },
      "semver": {}
    }
  },
  "packages": [
    {
      "attr_path": "_1password",
      "broken": false,
      "derivation": "/nix/store/vj5pg7bdfvi4m8x4rkp1k4xr1nrpdjvv-1password-cli-2.30.3.drv",
      "description": "1Password command-line tool",
      "install_id": "_1password",
      "license": "Unfree",
      "locked_url": "https://github.com/flox/nixpkgs?rev=130595eba61081acde9001f43de3248d8888ac4a",
      "name": "1password-cli-2.30.3",
      "pname": "_1password",
      "rev": "130595eba61081acde9001f43de3248d8888ac4a",
      "rev_count": 736170,
      "rev_date": "2025-01-10T15:43:18Z",
      "scrape_date": "2025-01-13T03:35:32Z",
      "stabilities": [
        "unstable"
      ],
      "unfree": true,
      "version": "1password-cli-2.30.3",
      "outputs_to_install": [
        "out"
      ],
      "outputs": {
        "out": "/nix/store/311ibgh3b8zrmmqdjhnxmpm8bm9xmvfc-1password-cli-2.30.3"
      },
      "system": "aarch64-darwin",
      "group": "toplevel",
      "priority": 5
    },
    {
      "attr_path": "_1password",
      "broken": false,
      "derivation": "/nix/store/5mif8k3aznqj3ybwr8bx2fb64k82ndi8-1password-cli-2.30.3.drv",
      "description": "1Password command-line tool",
      "install_id": "_1password",
      "license": "Unfree",
      "locked_url": "https://github.com/flox/nixpkgs?rev=130595eba61081acde9001f43de3248d8888ac4a",
      "name": "1password-cli-2.30.3",
      "pname": "_1password",
      "rev": "130595eba61081acde9001f43de3248d8888ac4a",
      "rev_count": 736170,
      "rev_date": "2025-01-10T15:43:18Z",
      "scrape_date": "2025-01-13T03:35:32Z",
      "stabilities": [
        "unstable"
      ],
      "unfree": true,
      "version": "1password-cli-2.30.3",
      "outputs_to_install": [
        "out"
      ],
      "outputs": {
        "out": "/nix/store/0kfw7wfj6x9swrnrm1d90mkmgbg525wf-1password-cli-2.30.3"
      },
      "system": "aarch64-linux",
      "group": "toplevel",
      "priority": 5
    },
    {
      "attr_path": "_1password",
      "broken": false,
      "derivation": "/nix/store/xjhfvd3dd2lspxmh5vrm1if562ivalih-1password-cli-2.30.3.drv",
      "description": "1Password command-line tool",
      "install_id": "_1password",
      "license": "Unfree",
      "locked_url": "https://github.com/flox/nixpkgs?rev=130595eba61081acde9001f43de3248d8888ac4a",
      "name": "1password-cli-2.30.3",
      "pname": "_1password",
      "rev": "130595eba61081acde9001f43de3248d8888ac4a",
      "rev_count": 736170,
      "rev_date": "2025-01-10T15:43:18Z",
      "scrape_date": "2025-01-13T03:35:32Z",
      "stabilities": [
        "unstable"
      ],
      "unfree": true,
      "version": "1password-cli-2.30.3",
      "outputs_to_install": [
        "out"
      ],
      "outputs": {
        "out": "/nix/store/4yr9dcl6rqnf4hfq9id9llnrwnbxa8p7-1password-cli-2.30.3"
      },
      "system": "x86_64-darwin",
      "group": "toplevel",
      "priority": 5
    },
    {
      "attr_path": "_1password",
      "broken": false,
      "derivation": "/nix/store/1iq081xyjkbc78czx88p4hfsqsgmh2vs-1password-cli-2.30.3.drv",
      "description": "1Password command-line tool",
      "install_id": "_1password",
      "license": "Unfree",
      "locked_url": "https://github.com/flox/nixpkgs?rev=130595eba61081acde9001f43de3248d8888ac4a",
      "name": "1password-cli-2.30.3",
      "pname": "_1password",
      "rev": "130595eba61081acde9001f43de3248d8888ac4a",
      "rev_count": 736170,
      "rev_date": "2025-01-10T15:43:18Z",
      "scrape_date": "2025-01-13T03:35:32Z",
      "stabilities": [
        "unstable"
      ],
      "unfree": true,
      "version": "1password-cli-2.30.3",
      "outputs_to_install": [
        "out"
      ],
      "outputs": {
        "out": "/nix/store/l2fncs935nlzys9fx8hrbs6kg71402jj-1password-cli-2.30.3"
      },
      "system": "x86_64-linux",
      "group": "toplevel",
      "priority": 5
    },
    {
      "attr_path": "bun",
      "broken": false,
      "derivation": "/nix/store/0k41x36pkcaf28xilii9xdd8jr0a692k-bun-1.1.42.drv",
      "description": "Incredibly fast JavaScript runtime, bundler, transpiler and package manager – all in one",
      "install_id": "bun",
      "license": "[ MIT, LGPL-2.1-only ]",
      "locked_url": "https://github.com/flox/nixpkgs?rev=130595eba61081acde9001f43de3248d8888ac4a",
      "name": "bun-1.1.42",
      "pname": "bun",
      "rev": "130595eba61081acde9001f43de3248d8888ac4a",
      "rev_count": 736170,
      "rev_date": "2025-01-10T15:43:18Z",
      "scrape_date": "2025-01-13T03:35:32Z",
      "stabilities": [
        "unstable"
      ],
      "unfree": false,
      "version": "1.1.42",
      "outputs_to_install": [
        "out"
      ],
      "outputs": {
        "out": "/nix/store/5c73vw31nbji92hggrgjnfi33wzhbxk3-bun-1.1.42"
      },
      "system": "aarch64-darwin",
      "group": "toplevel",
      "priority": 5
    },
    {
      "attr_path": "bun",
      "broken": false,
      "derivation": "/nix/store/niz4rjw2bhlqixyh1skih3v2z9wz67sq-bun-1.1.42.drv",
      "description": "Incredibly fast JavaScript runtime, bundler, transpiler and package manager – all in one",
      "install_id": "bun",
      "license": "[ MIT, LGPL-2.1-only ]",
      "locked_url": "https://github.com/flox/nixpkgs?rev=130595eba61081acde9001f43de3248d8888ac4a",
      "name": "bun-1.1.42",
      "pname": "bun",
      "rev": "130595eba61081acde9001f43de3248d8888ac4a",
      "rev_count": 736170,
      "rev_date": "2025-01-10T15:43:18Z",
      "scrape_date": "2025-01-13T03:35:32Z",
      "stabilities": [
        "unstable"
      ],
      "unfree": false,
      "version": "1.1.42",
      "outputs_to_install": [
        "out"
      ],
      "outputs": {
        "out": "/nix/store/shm69afh0zrm5r0gkpkj9l0z8l6vkpmr-bun-1.1.42"
      },
      "system": "aarch64-linux",
      "group": "toplevel",
      "priority": 5
    },
    {
      "attr_path": "bun",
      "broken": false,
      "derivation": "/nix/store/gwdbmr0ynydwiz06zmh1iig2r2lhdxcl-bun-1.1.42.drv",
      "description": "Incredibly fast JavaScript runtime, bundler, transpiler and package manager – all in one",
      "install_id": "bun",
      "license": "[ MIT, LGPL-2.1-only ]",
      "locked_url": "https://github.com/flox/nixpkgs?rev=130595eba61081acde9001f43de3248d8888ac4a",
      "name": "bun-1.1.42",
      "pname": "bun",
      "rev": "130595eba61081acde9001f43de3248d8888ac4a",
      "rev_count": 736170,
      "rev_date": "2025-01-10T15:43:18Z",
      "scrape_date": "2025-01-13T03:35:32Z",
      "stabilities": [
        "unstable"
      ],
      "unfree": false,
      "version": "1.1.42",
      "outputs_to_install": [
        "out"
      ],
      "outputs": {
        "out": "/nix/store/70nzsdr814rka1b3qaxz8b4hfk8r6wi9-bun-1.1.42"
      },
      "system": "x86_64-darwin",
      "group": "toplevel",
      "priority": 5
    },
    {
      "attr_path": "bun",
      "broken": false,
      "derivation": "/nix/store/36dn5lqz7alw8yiv3w1pq6p08hzi29ac-bun-1.1.42.drv",
      "description": "Incredibly fast JavaScript runtime, bundler, transpiler and package manager – all in one",
      "install_id": "bun",
      "license": "[ MIT, LGPL-2.1-only ]",
      "locked_url": "https://github.com/flox/nixpkgs?rev=130595eba61081acde9001f43de3248d8888ac4a",
      "name": "bun-1.1.42",
      "pname": "bun",
      "rev": "130595eba61081acde9001f43de3248d8888ac4a",
      "rev_count": 736170,
      "rev_date": "2025-01-10T15:43:18Z",
      "scrape_date": "2025-01-13T03:35:32Z",
      "stabilities": [
        "unstable"
      ],
      "unfree": false,
      "version": "1.1.42",
      "outputs_to_install": [
        "out"
      ],
      "outputs": {
        "out": "/nix/store/ws04zldxbkg26d4qkwyr4km1zd26mach-bun-1.1.42"
      },
      "system": "x86_64-linux",
      "group": "toplevel",
      "priority": 5
    }
  ]
}