{
  "lockfile-version": 1,
  "manifest": {
    "version": 1,
    "install": {
      "bun": {
        "pkg-path": "bun",
        "version": "1.3.0"
      }
    },
    "vars": {
      "EDITOR": "vim"
    },
    "hook": {
      "on-activate": "  echo \"🧼 Cleaning workspace...\"\n  shopt -s globstar # enable recursive globbing\n  rm -rf **/dist **/node_modules\n\n  echo -e \"\\n📦 Installing dependencies...\"\n  bun install --frozen-lockfile\n\n  echo -e \"\\n🚀 Done!\"\n\n  echo -e \"\\n💻 Development Commands\"\n  echo -e \"- Run all tasks\\t\\t\\033[34mbun dev\\033[0m\"\n  echo -e \"- Start playground app\\t\\033[34mbun dev:playground\\033[0m\"\n"
    },
    "options": {
      "systems": [
        "aarch64-darwin",
        "aarch64-linux",
        "x86_64-darwin",
        "x86_64-linux"
      ]
    }
  },
  "packages": [
    {
      "attr_path": "bun",
      "broken": false,
      "derivation": "/nix/store/aq1n7qzh8xjvj1wdwpmkwvwncnwv8jm4-bun-1.3.0.drv",
      "description": "Incredibly fast JavaScript runtime, bundler, transpiler and package manager – all in one",
      "install_id": "bun",
      "license": "[ MIT, LGPL-2.1-only ]",
      "locked_url": "https://github.com/flox/nixpkgs?rev=544961dfcce86422ba200ed9a0b00dd4b1486ec5",
      "name": "bun-1.3.0",
      "pname": "bun",
      "rev": "544961dfcce86422ba200ed9a0b00dd4b1486ec5",
      "rev_count": 878042,
      "rev_date": "2025-10-15T10:27:37Z",
      "scrape_date": "2025-10-17T03:45:06.401542Z",
      "stabilities": [
        "staging",
        "unstable"
      ],
      "unfree": false,
      "version": "1.3.0",
      "outputs_to_install": [
        "out"
      ],
      "outputs": {
        "out": "/nix/store/dccx7km0mm6shf1zizx760drifjbg1yr-bun-1.3.0"
      },
      "system": "aarch64-darwin",
      "group": "toplevel",
      "priority": 5
    },
    {
      "attr_path": "bun",
      "broken": false,
      "derivation": "/nix/store/pwiz9qji7rxb9lv6d760ylzq191yxck8-bun-1.3.0.drv",
      "description": "Incredibly fast JavaScript runtime, bundler, transpiler and package manager – all in one",
      "install_id": "bun",
      "license": "[ MIT, LGPL-2.1-only ]",
      "locked_url": "https://github.com/flox/nixpkgs?rev=544961dfcce86422ba200ed9a0b00dd4b1486ec5",
      "name": "bun-1.3.0",
      "pname": "bun",
      "rev": "544961dfcce86422ba200ed9a0b00dd4b1486ec5",
      "rev_count": 878042,
      "rev_date": "2025-10-15T10:27:37Z",
      "scrape_date": "2025-10-17T04:18:54.283178Z",
      "stabilities": [
        "staging",
        "unstable"
      ],
      "unfree": false,
      "version": "1.3.0",
      "outputs_to_install": [
        "out"
      ],
      "outputs": {
        "out": "/nix/store/wficmrz9bcj6rdx45jh86b2vznx0pdyb-bun-1.3.0"
      },
      "system": "aarch64-linux",
      "group": "toplevel",
      "priority": 5
    },
    {
      "attr_path": "bun",
      "broken": false,
      "derivation": "/nix/store/hzmsxssc2n0ch1h2008bwwi6nwmfy79p-bun-1.3.0.drv",
      "description": "Incredibly fast JavaScript runtime, bundler, transpiler and package manager – all in one",
      "install_id": "bun",
      "license": "[ MIT, LGPL-2.1-only ]",
      "locked_url": "https://github.com/flox/nixpkgs?rev=544961dfcce86422ba200ed9a0b00dd4b1486ec5",
      "name": "bun-1.3.0",
      "pname": "bun",
      "rev": "544961dfcce86422ba200ed9a0b00dd4b1486ec5",
      "rev_count": 878042,
      "rev_date": "2025-10-15T10:27:37Z",
      "scrape_date": "2025-10-17T04:51:46.301153Z",
      "stabilities": [
        "staging",
        "unstable"
      ],
      "unfree": false,
      "version": "1.3.0",
      "outputs_to_install": [
        "out"
      ],
      "outputs": {
        "out": "/nix/store/n6jj18368id7h071j5i1zs26whgmc38y-bun-1.3.0"
      },
      "system": "x86_64-darwin",
      "group": "toplevel",
      "priority": 5
    },
    {
      "attr_path": "bun",
      "broken": false,
      "derivation": "/nix/store/69h7318dn0b18qf2gjm1waf9jvhja5ni-bun-1.3.0.drv",
      "description": "Incredibly fast JavaScript runtime, bundler, transpiler and package manager – all in one",
      "install_id": "bun",
      "license": "[ MIT, LGPL-2.1-only ]",
      "locked_url": "https://github.com/flox/nixpkgs?rev=544961dfcce86422ba200ed9a0b00dd4b1486ec5",
      "name": "bun-1.3.0",
      "pname": "bun",
      "rev": "544961dfcce86422ba200ed9a0b00dd4b1486ec5",
      "rev_count": 878042,
      "rev_date": "2025-10-15T10:27:37Z",
      "scrape_date": "2025-10-17T05:27:14.958813Z",
      "stabilities": [
        "staging",
        "unstable"
      ],
      "unfree": false,
      "version": "1.3.0",
      "outputs_to_install": [
        "out"
      ],
      "outputs": {
        "out": "/nix/store/xcl91nw8b1zihm32cwxrqdvaakdnip75-bun-1.3.0"
      },
      "system": "x86_64-linux",
      "group": "toplevel",
      "priority": 5
    }
  ]
}